
Microsoft Visual Studio Solution File, Format Version 12.00
# Visual Studio 15
Project("{FAE04EC0-301F-11D3-BF4B-00C04F79EFBC}") = "LeetCodeExcercise", "LeetCodeExcercise\LeetCodeExcercise.csproj", "{250952B9-3084-4FFA-8D82-2855B5EACCDD}"
EndProject
Global
	GlobalSection(SolutionConfigurationPlatforms) = preSolution
		Debug|Any CPU = Debug|Any CPU
		Release|Any CPU = Release|Any CPU
	EndGlobalSection
	GlobalSection(ProjectConfigurationPlatforms) = postSolution
		{250952B9-3084-4FFA-8D82-2855B5EACCDD}.Debug|Any CPU.ActiveCfg = Debug|Any CPU
		{250952B9-3084-4FFA-8D82-2855B5EACCDD}.Debug|Any CPU.Build.0 = Debug|Any CPU
		{250952B9-3084-4FFA-8D82-2855B5EACCDD}.Release|Any CPU.ActiveCfg = Release|Any CPU
		{250952B9-3084-4FFA-8D82-2855B5EACCDD}.Release|Any CPU.Build.0 = Release|Any CPU
	EndGlobalSection
EndGlobal
